{
  "name": "@maykoncapellari/netsuite",
  "version": "1.0.4",
  "lockfileVersion": 3,
  "requires": true,
  "packages": {
    "": {
      "name": "@maykoncapellari/netsuite",
      "version": "1.0.4",
      "license": "MIT",
      "dependencies": {
        "@maykoncapellari/cli-builder": "^1.0.11"
      }
    },
    "node_modules/@maykoncapellari/cli-builder": {
      "version": "1.0.11",
      "resolved": "https://registry.npmjs.org/@maykoncapellari/cli-builder/-/cli-builder-1.0.11.tgz",
      "integrity": "sha512-Fdo5i5bRxH2+/eeQ9zyT349otwmpHQ+jOrhvd1WHILxhRiGU6uP0N3RxXRta35ibetqnYrW66g0QrA72XuVvQw=="
    }
  }
}
