{
  "name": "@maykoncapellari/netsuite-sharepoint",
  "version": "1.0.0",
  "lockfileVersion": 3,
  "requires": true,
  "packages": {
    "": {
      "name": "@maykoncapellari/netsuite-sharepoint",
      "version": "1.0.0",
      "license": "MIT",
      "dependencies": {
        "@maykoncapellari/cli-builder": "^1.0.8"
      }
    },
    "node_modules/@maykoncapellari/cli-builder": {
      "version": "1.0.8",
      "resolved": "https://registry.npmjs.org/@maykoncapellari/cli-builder/-/cli-builder-1.0.8.tgz",
      "integrity": "sha512-PqyG1uwc26d/znUcC4Fhg4BAsshm4rLDwZGYI3g+64rOt9iIDkUbw2HeCzryQ2dFIxtbZJWAQNy0eeH0ILzJvg=="
    }
  }
}
